
Microsoft Visual Studio Solution File, Format Version 12.00
# Visual Studio Version 17
VisualStudioVersion = 17.0.31919.166
MinimumVisualStudioVersion = 10.0.40219.1
Project("{FAE04EC0-301F-11D3-BF4B-00C04F79EFBC}") = "pastane", "pastane\pastane.csproj", "{215C2940-E871-4ACE-8AC7-E5D2718967CF}"
EndProject
Global
	GlobalSection(SolutionConfigurationPlatforms) = preSolution
		Debug|Any CPU = Debug|Any CPU
		Release|Any CPU = Release|Any CPU
	EndGlobalSection
	GlobalSection(ProjectConfigurationPlatforms) = postSolution
		{215C2940-E871-4ACE-8AC7-E5D2718967CF}.Debug|Any CPU.ActiveCfg = Debug|Any CPU
		{215C2940-E871-4ACE-8AC7-E5D2718967CF}.Debug|Any CPU.Build.0 = Debug|Any CPU
		{215C2940-E871-4ACE-8AC7-E5D2718967CF}.Release|Any CPU.ActiveCfg = Release|Any CPU
		{215C2940-E871-4ACE-8AC7-E5D2718967CF}.Release|Any CPU.Build.0 = Release|Any CPU
	EndGlobalSection
	GlobalSection(SolutionProperties) = preSolution
		HideSolutionNode = FALSE
	EndGlobalSection
	GlobalSection(ExtensibilityGlobals) = postSolution
		SolutionGuid = {99032D1D-483F-41B5-95BA-12896605F030}
	EndGlobalSection
EndGlobal
